// !$*UTF8*$!
{
	archiveVersion = 1;
	classes = {
	};
	objectVersion = 50;
	objects = {

/* Begin PBXBuildFile section */
		986195632241D8D600A5385E /* AppDelegate.m in Sources */ = {isa = PBXBuildFile; fileRef = 986195622241D8D600A5385E /* AppDelegate.m */; };
		986195662241D8D600A5385E /* ViewController.m in Sources */ = {isa = PBXBuildFile; fileRef = 986195652241D8D600A5385E /* ViewController.m */; };
		986195692241D8D600A5385E /* Main.storyboard in Resources */ = {isa = PBXBuildFile; fileRef = 986195672241D8D600A5385E /* Main.storyboard */; };
		9861956B2241D8D700A5385E /* Assets.xcassets in Resources */ = {isa = PBXBuildFile; fileRef = 9861956A2241D8D700A5385E /* Assets.xcassets */; };
		9861956E2241D8D700A5385E /* LaunchScreen.storyboard in Resources */ = {isa = PBXBuildFile; fileRef = 9861956C2241D8D700A5385E /* LaunchScreen.storyboard */; };
		986195712241D8D700A5385E /* main.m in Sources */ = {isa = PBXBuildFile; fileRef = 986195702241D8D700A5385E /* main.m */; };
		9887DBFC244766DF00E2CACD /* UIImage+LXFToolkit.m in Sources */ = {isa = PBXBuildFile; fileRef = 9887DBEB244766DF00E2CACD /* UIImage+LXFToolkit.m */; };
		9887DBFD244766E000E2CACD /* UIView+LXFSizes.m in Sources */ = {isa = PBXBuildFile; fileRef = 9887DBEC244766DF00E2CACD /* UIView+LXFSizes.m */; };
		9887DBFE244766E000E2CACD /* NSObject+LXFSwizzing.m in Sources */ = {isa = PBXBuildFile; fileRef = 9887DBED244766DF00E2CACD /* NSObject+LXFSwizzing.m */; };
		9887DBFF244766E000E2CACD /* NSData+LXFAES.m in Sources */ = {isa = PBXBuildFile; fileRef = 9887DBEE244766DF00E2CACD /* NSData+LXFAES.m */; };
		9887DC00244766E000E2CACD /* NSString+LXFToolkit.m in Sources */ = {isa = PBXBuildFile; fileRef = 9887DBEF244766DF00E2CACD /* NSString+LXFToolkit.m */; };
		9887DC01244766E000E2CACD /* NSMutableArray+LXFSwizzling.m in Sources */ = {isa = PBXBuildFile; fileRef = 9887DBF0244766DF00E2CACD /* NSMutableArray+LXFSwizzling.m */; };
		9887DC02244766E000E2CACD /* NSDate+LXFTooKit.m in Sources */ = {isa = PBXBuildFile; fileRef = 9887DBF9244766DF00E2CACD /* NSDate+LXFTooKit.m */; };
		9887DC03244766E000E2CACD /* UIColor+LXFToolkit.m in Sources */ = {isa = PBXBuildFile; fileRef = 9887DBFA244766DF00E2CACD /* UIColor+LXFToolkit.m */; };
/* End PBXBuildFile section */

/* Begin PBXFileReference section */
		9861955E2241D8D600A5385E /* LXFExtension.app */ = {isa = PBXFileReference; explicitFileType = wrapper.application; includeInIndex = 0; path = LXFExtension.app; sourceTree = BUILT_PRODUCTS_DIR; };
		986195612241D8D600A5385E /* AppDelegate.h */ = {isa = PBXFileReference; lastKnownFileType = sourcecode.c.h; path = AppDelegate.h; sourceTree = "<group>"; };
		986195622241D8D600A5385E /* AppDelegate.m */ = {isa = PBXFileReference; lastKnownFileType = sourcecode.c.objc; path = AppDelegate.m; sourceTree = "<group>"; };
		986195642241D8D600A5385E /* ViewController.h */ = {isa = PBXFileReference; lastKnownFileType = sourcecode.c.h; path = ViewController.h; sourceTree = "<group>"; };
		986195652241D8D600A5385E /* ViewController.m */ = {isa = PBXFileReference; lastKnownFileType = sourcecode.c.objc; path = ViewController.m; sourceTree = "<group>"; };
		986195682241D8D600A5385E /* Base */ = {isa = PBXFileReference; lastKnownFileType = file.storyboard; name = Base; path = Base.lproj/Main.storyboard; sourceTree = "<group>"; };
		9861956A2241D8D700A5385E /* Assets.xcassets */ = {isa = PBXFileReference; lastKnownFileType = folder.assetcatalog; path = Assets.xcassets; sourceTree = "<group>"; };
		9861956D2241D8D700A5385E /* Base */ = {isa = PBXFileReference; lastKnownFileType = file.storyboard; name = Base; path = Base.lproj/LaunchScreen.storyboard; sourceTree = "<group>"; };
		9861956F2241D8D700A5385E /* Info.plist */ = {isa = PBXFileReference; lastKnownFileType = text.plist.xml; path = Info.plist; sourceTree = "<group>"; };
		986195702241D8D700A5385E /* main.m */ = {isa = PBXFileReference; lastKnownFileType = sourcecode.c.objc; path = main.m; sourceTree = "<group>"; };
		9887DBEB244766DF00E2CACD /* UIImage+LXFToolkit.m */ = {isa = PBXFileReference; fileEncoding = 4; lastKnownFileType = sourcecode.c.objc; path = "UIImage+LXFToolkit.m"; sourceTree = "<group>"; };
		9887DBEC244766DF00E2CACD /* UIView+LXFSizes.m */ = {isa = PBXFileReference; fileEncoding = 4; lastKnownFileType = sourcecode.c.objc; path = "UIView+LXFSizes.m"; sourceTree = "<group>"; };
		9887DBED244766DF00E2CACD /* NSObject+LXFSwizzing.m */ = {isa = PBXFileReference; fileEncoding = 4; lastKnownFileType = sourcecode.c.objc; path = "NSObject+LXFSwizzing.m"; sourceTree = "<group>"; };
		9887DBEE244766DF00E2CACD /* NSData+LXFAES.m */ = {isa = PBXFileReference; fileEncoding = 4; lastKnownFileType = sourcecode.c.objc; path = "NSData+LXFAES.m"; sourceTree = "<group>"; };
		9887DBEF244766DF00E2CACD /* NSString+LXFToolkit.m */ = {isa = PBXFileReference; fileEncoding = 4; lastKnownFileType = sourcecode.c.objc; path = "NSString+LXFToolkit.m"; sourceTree = "<group>"; };
		9887DBF0244766DF00E2CACD /* NSMutableArray+LXFSwizzling.m */ = {isa = PBXFileReference; fileEncoding = 4; lastKnownFileType = sourcecode.c.objc; path = "NSMutableArray+LXFSwizzling.m"; sourceTree = "<group>"; };
		9887DBF1244766DF00E2CACD /* UIColor+LXFToolkit.h */ = {isa = PBXFileReference; fileEncoding = 4; lastKnownFileType = sourcecode.c.h; path = "UIColor+LXFToolkit.h"; sourceTree = "<group>"; };
		9887DBF2244766DF00E2CACD /* NSDate+LXFTooKit.h */ = {isa = PBXFileReference; fileEncoding = 4; lastKnownFileType = sourcecode.c.h; path = "NSDate+LXFTooKit.h"; sourceTree = "<group>"; };
		9887DBF3244766DF00E2CACD /* NSString+LXFToolkit.h */ = {isa = PBXFileReference; fileEncoding = 4; lastKnownFileType = sourcecode.c.h; path = "NSString+LXFToolkit.h"; sourceTree = "<group>"; };
		9887DBF4244766DF00E2CACD /* NSData+LXFAES.h */ = {isa = PBXFileReference; fileEncoding = 4; lastKnownFileType = sourcecode.c.h; path = "NSData+LXFAES.h"; sourceTree = "<group>"; };
		9887DBF5244766DF00E2CACD /* NSObject+LXFSwizzing.h */ = {isa = PBXFileReference; fileEncoding = 4; lastKnownFileType = sourcecode.c.h; path = "NSObject+LXFSwizzing.h"; sourceTree = "<group>"; };
		9887DBF6244766DF00E2CACD /* UIView+LXFSizes.h */ = {isa = PBXFileReference; fileEncoding = 4; lastKnownFileType = sourcecode.c.h; path = "UIView+LXFSizes.h"; sourceTree = "<group>"; };
		9887DBF7244766DF00E2CACD /* UIImage+LXFToolkit.h */ = {isa = PBXFileReference; fileEncoding = 4; lastKnownFileType = sourcecode.c.h; path = "UIImage+LXFToolkit.h"; sourceTree = "<group>"; };
		9887DBF8244766DF00E2CACD /* LXF_Extension.h */ = {isa = PBXFileReference; fileEncoding = 4; lastKnownFileType = sourcecode.c.h; path = LXF_Extension.h; sourceTree = "<group>"; };
		9887DBF9244766DF00E2CACD /* NSDate+LXFTooKit.m */ = {isa = PBXFileReference; fileEncoding = 4; lastKnownFileType = sourcecode.c.objc; path = "NSDate+LXFTooKit.m"; sourceTree = "<group>"; };
		9887DBFA244766DF00E2CACD /* UIColor+LXFToolkit.m */ = {isa = PBXFileReference; fileEncoding = 4; lastKnownFileType = sourcecode.c.objc; path = "UIColor+LXFToolkit.m"; sourceTree = "<group>"; };
		9887DBFB244766DF00E2CACD /* NSMutableArray+LXFSwizzling.h */ = {isa = PBXFileReference; fileEncoding = 4; lastKnownFileType = sourcecode.c.h; path = "NSMutableArray+LXFSwizzling.h"; sourceTree = "<group>"; };
/* End PBXFileReference section */

/* Begin PBXFrameworksBuildPhase section */
		9861955B2241D8D600A5385E /* Frameworks */ = {
			isa = PBXFrameworksBuildPhase;
			buildActionMask = 2147483647;
			files = (
			);
			runOnlyForDeploymentPostprocessing = 0;
		};
/* End PBXFrameworksBuildPhase section */

/* Begin PBXGroup section */
		986195552241D8D600A5385E = {
			isa = PBXGroup;
			children = (
				986195602241D8D600A5385E /* LXFExtension */,
				9887DBEA244766DF00E2CACD /* LXFExtension */,
				9861955F2241D8D600A5385E /* Products */,
			);
			sourceTree = "<group>";
		};
		9861955F2241D8D600A5385E /* Products */ = {
			isa = PBXGroup;
			children = (
				9861955E2241D8D600A5385E /* LXFExtension.app */,
			);
			name = Products;
			sourceTree = "<group>";
		};
		986195602241D8D600A5385E /* LXFExtension */ = {
			isa = PBXGroup;
			children = (
				986195612241D8D600A5385E /* AppDelegate.h */,
				986195622241D8D600A5385E /* AppDelegate.m */,
				986195642241D8D600A5385E /* ViewController.h */,
				986195652241D8D600A5385E /* ViewController.m */,
				986195672241D8D600A5385E /* Main.storyboard */,
				9861956A2241D8D700A5385E /* Assets.xcassets */,
				9861956C2241D8D700A5385E /* LaunchScreen.storyboard */,
				9861956F2241D8D700A5385E /* Info.plist */,
				986195702241D8D700A5385E /* main.m */,
			);
			path = LXFExtension;
			sourceTree = "<group>";
		};
		9887DBEA244766DF00E2CACD /* LXFExtension */ = {
			isa = PBXGroup;
			children = (
				9887DBEB244766DF00E2CACD /* UIImage+LXFToolkit.m */,
				9887DBEC244766DF00E2CACD /* UIView+LXFSizes.m */,
				9887DBED244766DF00E2CACD /* NSObject+LXFSwizzing.m */,
				9887DBEE244766DF00E2CACD /* NSData+LXFAES.m */,
				9887DBEF244766DF00E2CACD /* NSString+LXFToolkit.m */,
				9887DBF0244766DF00E2CACD /* NSMutableArray+LXFSwizzling.m */,
				9887DBF1244766DF00E2CACD /* UIColor+LXFToolkit.h */,
				9887DBF2244766DF00E2CACD /* NSDate+LXFTooKit.h */,
				9887DBF3244766DF00E2CACD /* NSString+LXFToolkit.h */,
				9887DBF4244766DF00E2CACD /* NSData+LXFAES.h */,
				9887DBF5244766DF00E2CACD /* NSObject+LXFSwizzing.h */,
				9887DBF6244766DF00E2CACD /* UIView+LXFSizes.h */,
				9887DBF7244766DF00E2CACD /* UIImage+LXFToolkit.h */,
				9887DBF8244766DF00E2CACD /* LXF_Extension.h */,
				9887DBF9244766DF00E2CACD /* NSDate+LXFTooKit.m */,
				9887DBFA244766DF00E2CACD /* UIColor+LXFToolkit.m */,
				9887DBFB244766DF00E2CACD /* NSMutableArray+LXFSwizzling.h */,
			);
			name = LXFExtension;
			path = ../../LXFExtension;
			sourceTree = "<group>";
		};
/* End PBXGroup section */

/* Begin PBXNativeTarget section */
		9861955D2241D8D600A5385E /* LXFExtension */ = {
			isa = PBXNativeTarget;
			buildConfigurationList = 986195742241D8D700A5385E /* Build configuration list for PBXNativeTarget "LXFExtension" */;
			buildPhases = (
				9861955A2241D8D600A5385E /* Sources */,
				9861955B2241D8D600A5385E /* Frameworks */,
				9861955C2241D8D600A5385E /* Resources */,
			);
			buildRules = (
			);
			dependencies = (
			);
			name = LXFExtension;
			productName = LXFExtension;
			productReference = 9861955E2241D8D600A5385E /* LXFExtension.app */;
			productType = "com.apple.product-type.application";
		};
/* End PBXNativeTarget section */

/* Begin PBXProject section */
		986195562241D8D600A5385E /* Project object */ = {
			isa = PBXProject;
			attributes = {
				LastUpgradeCheck = 1010;
				ORGANIZATIONNAME = GuanNiu;
				TargetAttributes = {
					9861955D2241D8D600A5385E = {
						CreatedOnToolsVersion = 10.1;
					};
				};
			};
			buildConfigurationList = 986195592241D8D600A5385E /* Build configuration list for PBXProject "LXFExtension" */;
			compatibilityVersion = "Xcode 9.3";
			developmentRegion = en;
			hasScannedForEncodings = 0;
			knownRegions = (
				en,
				Base,
			);
			mainGroup = 986195552241D8D600A5385E;
			productRefGroup = 9861955F2241D8D600A5385E /* Products */;
			projectDirPath = "";
			projectRoot = "";
			targets = (
				9861955D2241D8D600A5385E /* LXFExtension */,
			);
		};
/* End PBXProject section */

/* Begin PBXResourcesBuildPhase section */
		9861955C2241D8D600A5385E /* Resources */ = {
			isa = PBXResourcesBuildPhase;
			buildActionMask = 2147483647;
			files = (
				9861956E2241D8D700A5385E /* LaunchScreen.storyboard in Resources */,
				9861956B2241D8D700A5385E /* Assets.xcassets in Resources */,
				986195692241D8D600A5385E /* Main.storyboard in Resources */,
			);
			runOnlyForDeploymentPostprocessing = 0;
		};
/* End PBXResourcesBuildPhase section */

/* Begin PBXSourcesBuildPhase section */
		9861955A2241D8D600A5385E /* Sources */ = {
			isa = PBXSourcesBuildPhase;
			buildActionMask = 2147483647;
			files = (
				9887DBFD244766E000E2CACD /* UIView+LXFSizes.m in Sources */,
				9887DC02244766E000E2CACD /* NSDate+LXFTooKit.m in Sources */,
				9887DC03244766E000E2CACD /* UIColor+LXFToolkit.m in Sources */,
				9887DBFE244766E000E2CACD /* NSObject+LXFSwizzing.m in Sources */,
				9887DBFF244766E000E2CACD /* NSData+LXFAES.m in Sources */,
				9887DC00244766E000E2CACD /* NSString+LXFToolkit.m in Sources */,
				986195662241D8D600A5385E /* ViewController.m in Sources */,
				986195712241D8D700A5385E /* main.m in Sources */,
				986195632241D8D600A5385E /* AppDelegate.m in Sources */,
				9887DC01244766E000E2CACD /* NSMutableArray+LXFSwizzling.m in Sources */,
				9887DBFC244766DF00E2CACD /* UIImage+LXFToolkit.m in Sources */,
			);
			runOnlyForDeploymentPostprocessing = 0;
		};
/* End PBXSourcesBuildPhase section */

/* Begin PBXVariantGroup section */
		986195672241D8D600A5385E /* Main.storyboard */ = {
			isa = PBXVariantGroup;
			children = (
				986195682241D8D600A5385E /* Base */,
			);
			name = Main.storyboard;
			sourceTree = "<group>";
		};
		9861956C2241D8D700A5385E /* LaunchScreen.storyboard */ = {
			isa = PBXVariantGroup;
			children = (
				9861956D2241D8D700A5385E /* Base */,
			);
			name = LaunchScreen.storyboard;
			sourceTree = "<group>";
		};
/* End PBXVariantGroup section */

/* Begin XCBuildConfiguration section */
		986195722241D8D700A5385E /* Debug */ = {
			isa = XCBuildConfiguration;
			buildSettings = {
				ALWAYS_SEARCH_USER_PATHS = NO;
				CLANG_ANALYZER_NONNULL = YES;
				CLANG_ANALYZER_NUMBER_OBJECT_CONVERSION = YES_AGGRESSIVE;
				CLANG_CXX_LANGUAGE_STANDARD = "gnu++14";
				CLANG_CXX_LIBRARY = "libc++";
				CLANG_ENABLE_MODULES = YES;
				CLANG_ENABLE_OBJC_ARC = YES;
				CLANG_ENABLE_OBJC_WEAK = YES;
				CLANG_WARN_BLOCK_CAPTURE_AUTORELEASING = YES;
				CLANG_WARN_BOOL_CONVERSION = YES;
				CLANG_WARN_COMMA = YES;
				CLANG_WARN_CONSTANT_CONVERSION = YES;
				CLANG_WARN_DEPRECATED_OBJC_IMPLEMENTATIONS = YES;
				CLANG_WARN_DIRECT_OBJC_ISA_USAGE = YES_ERROR;
				CLANG_WARN_DOCUMENTATION_COMMENTS = YES;
				CLANG_WARN_EMPTY_BODY = YES;
				CLANG_WARN_ENUM_CONVERSION = YES;
				CLANG_WARN_INFINITE_RECURSION = YES;
				CLANG_WARN_INT_CONVERSION = YES;
				CLANG_WARN_NON_LITERAL_NULL_CONVERSION = YES;
				CLANG_WARN_OBJC_IMPLICIT_RETAIN_SELF = YES;
				CLANG_WARN_OBJC_LITERAL_CONVERSION = YES;
				CLANG_WARN_OBJC_ROOT_CLASS = YES_ERROR;
				CLANG_WARN_RANGE_LOOP_ANALYSIS = YES;
				CLANG_WARN_STRICT_PROTOTYPES = YES;
				CLANG_WARN_SUSPICIOUS_MOVE = YES;
				CLANG_WARN_UNGUARDED_AVAILABILITY = YES_AGGRESSIVE;
				CLANG_WARN_UNREACHABLE_CODE = YES;
				CLANG_WARN__DUPLICATE_METHOD_MATCH = YES;
				CODE_SIGN_IDENTITY = "iPhone Developer";
				COPY_PHASE_STRIP = NO;
				DEBUG_INFORMATION_FORMAT = dwarf;
				ENABLE_STRICT_OBJC_MSGSEND = YES;
				ENABLE_TESTABILITY = YES;
				GCC_C_LANGUAGE_STANDARD = gnu11;
				GCC_DYNAMIC_NO_PIC = NO;
				GCC_NO_COMMON_BLOCKS = YES;
				GCC_OPTIMIZATION_LEVEL = 0;
				GCC_PREPROCESSOR_DEFINITIONS = (
					"DEBUG=1",
					"$(inherited)",
				);
				GCC_WARN_64_TO_32_BIT_CONVERSION = YES;
				GCC_WARN_ABOUT_RETURN_TYPE = YES_ERROR;
				GCC_WARN_UNDECLARED_SELECTOR = YES;
				GCC_WARN_UNINITIALIZED_AUTOS = YES_AGGRESSIVE;
				GCC_WARN_UNUSED_FUNCTION = YES;
				GCC_WARN_UNUSED_VARIABLE = YES;
				IPHONEOS_DEPLOYMENT_TARGET = 12.1;
				MTL_ENABLE_DEBUG_INFO = INCLUDE_SOURCE;
				MTL_FAST_MATH = YES;
				ONLY_ACTIVE_ARCH = YES;
				SDKROOT = iphoneos;
			};
			name = Debug;
		};
		986195732241D8D700A5385E /* Release */ = {
			isa = XCBuildConfiguration;
			buildSettings = {
				ALWAYS_SEARCH_USER_PATHS = NO;
				CLANG_ANALYZER_NONNULL = YES;
				CLANG_ANALYZER_NUMBER_OBJECT_CONVERSION = YES_AGGRESSIVE;
				CLANG_CXX_LANGUAGE_STANDARD = "gnu++14";
				CLANG_CXX_LIBRARY = "libc++";
				CLANG_ENABLE_MODULES = YES;
				CLANG_ENABLE_OBJC_ARC = YES;
				CLANG_ENABLE_OBJC_WEAK = YES;
				CLANG_WARN_BLOCK_CAPTURE_AUTORELEASING = YES;
				CLANG_WARN_BOOL_CONVERSION = YES;
				CLANG_WARN_COMMA = YES;
				CLANG_WARN_CONSTANT_CONVERSION = YES;
				CLANG_WARN_DEPRECATED_OBJC_IMPLEMENTATIONS = YES;
				CLANG_WARN_DIRECT_OBJC_ISA_USAGE = YES_ERROR;
				CLANG_WARN_DOCUMENTATION_COMMENTS = YES;
				CLANG_WARN_EMPTY_BODY = YES;
				CLANG_WARN_ENUM_CONVERSION = YES;
				CLANG_WARN_INFINITE_RECURSION = YES;
				CLANG_WARN_INT_CONVERSION = YES;
				CLANG_WARN_NON_LITERAL_NULL_CONVERSION = YES;
				CLANG_WARN_OBJC_IMPLICIT_RETAIN_SELF = YES;
				CLANG_WARN_OBJC_LITERAL_CONVERSION = YES;
				CLANG_WARN_OBJC_ROOT_CLASS = YES_ERROR;
				CLANG_WARN_RANGE_LOOP_ANALYSIS = YES;
				CLANG_WARN_STRICT_PROTOTYPES = YES;
				CLANG_WARN_SUSPICIOUS_MOVE = YES;
				CLANG_WARN_UNGUARDED_AVAILABILITY = YES_AGGRESSIVE;
				CLANG_WARN_UNREACHABLE_CODE = YES;
				CLANG_WARN__DUPLICATE_METHOD_MATCH = YES;
				CODE_SIGN_IDENTITY = "iPhone Developer";
				COPY_PHASE_STRIP = NO;
				DEBUG_INFORMATION_FORMAT = "dwarf-with-dsym";
				ENABLE_NS_ASSERTIONS = NO;
				ENABLE_STRICT_OBJC_MSGSEND = YES;
				GCC_C_LANGUAGE_STANDARD = gnu11;
				GCC_NO_COMMON_BLOCKS = YES;
				GCC_WARN_64_TO_32_BIT_CONVERSION = YES;
				GCC_WARN_ABOUT_RETURN_TYPE = YES_ERROR;
				GCC_WARN_UNDECLARED_SELECTOR = YES;
				GCC_WARN_UNINITIALIZED_AUTOS = YES_AGGRESSIVE;
				GCC_WARN_UNUSED_FUNCTION = YES;
				GCC_WARN_UNUSED_VARIABLE = YES;
				IPHONEOS_DEPLOYMENT_TARGET = 12.1;
				MTL_ENABLE_DEBUG_INFO = NO;
				MTL_FAST_MATH = YES;
				SDKROOT = iphoneos;
				VALIDATE_PRODUCT = YES;
			};
			name = Release;
		};
		986195752241D8D700A5385E /* Debug */ = {
			isa = XCBuildConfiguration;
			buildSettings = {
				ASSETCATALOG_COMPILER_APPICON_NAME = AppIcon;
				CODE_SIGN_STYLE = Automatic;
				DEVELOPMENT_TEAM = 9KHP4ZLTCD;
				INFOPLIST_FILE = LXFExtension/Info.plist;
				IPHONEOS_DEPLOYMENT_TARGET = 9.0;
				LD_RUNPATH_SEARCH_PATHS = (
					"$(inherited)",
					"@executable_path/Frameworks",
				);
				PRODUCT_BUNDLE_IDENTIFIER = com.GuanNiu.LXFExtension;
				PRODUCT_NAME = "$(TARGET_NAME)";
				RUN_CLANG_STATIC_ANALYZER = NO;
				TARGETED_DEVICE_FAMILY = "1,2";
			};
			name = Debug;
		};
		986195762241D8D700A5385E /* Release */ = {
			isa = XCBuildConfiguration;
			buildSettings = {
				ASSETCATALOG_COMPILER_APPICON_NAME = AppIcon;
				CODE_SIGN_STYLE = Automatic;
				DEVELOPMENT_TEAM = 9KHP4ZLTCD;
				INFOPLIST_FILE = LXFExtension/Info.plist;
				IPHONEOS_DEPLOYMENT_TARGET = 9.0;
				LD_RUNPATH_SEARCH_PATHS = (
					"$(inherited)",
					"@executable_path/Frameworks",
				);
				PRODUCT_BUNDLE_IDENTIFIER = com.GuanNiu.LXFExtension;
				PRODUCT_NAME = "$(TARGET_NAME)";
				RUN_CLANG_STATIC_ANALYZER = NO;
				TARGETED_DEVICE_FAMILY = "1,2";
			};
			name = Release;
		};
/* End XCBuildConfiguration section */

/* Begin XCConfigurationList section */
		986195592241D8D600A5385E /* Build configuration list for PBXProject "LXFExtension" */ = {
			isa = XCConfigurationList;
			buildConfigurations = (
				986195722241D8D700A5385E /* Debug */,
				986195732241D8D700A5385E /* Release */,
			);
			defaultConfigurationIsVisible = 0;
			defaultConfigurationName = Release;
		};
		986195742241D8D700A5385E /* Build configuration list for PBXNativeTarget "LXFExtension" */ = {
			isa = XCConfigurationList;
			buildConfigurations = (
				986195752241D8D700A5385E /* Debug */,
				986195762241D8D700A5385E /* Release */,
			);
			defaultConfigurationIsVisible = 0;
			defaultConfigurationName = Release;
		};
/* End XCConfigurationList section */
	};
	rootObject = 986195562241D8D600A5385E /* Project object */;
}
